<?xml version="1.0" encoding="utf-8"?>
<Project ToolsVersion="4.0" xmlns="http://schemas.microsoft.com/developer/msbuild/2003">
  <ItemGroup>
    <Filter Include="源文件">
      <UniqueIdentifier>{4FC737F1-C7A5-4376-A066-2A32D752A2FF}</UniqueIdentifier>
      <Extensions>cpp;c;cc;cxx;def;odl;idl;hpj;bat;asm;asmx</Extensions>
    </Filter>
    <Filter Include="头文件">
      <UniqueIdentifier>{93995380-89BD-4b04-88EB-625FBE52EBFB}</UniqueIdentifier>
      <Extensions>h;hpp;hxx;hm;inl;inc;xsd</Extensions>
    </Filter>
    <Filter Include="资源文件">
      <UniqueIdentifier>{67DA6AB6-F800-4c08-8B7A-83BB121AAD01}</UniqueIdentifier>
      <Extensions>rc;ico;cur;bmp;dlg;rc2;rct;bin;rgs;gif;jpg;jpeg;jpe;resx;tiff;tif;png;wav;mfcribbon-ms</Extensions>
    </Filter>
  </ItemGroup>
  <ItemGroup>
    <None Include="Marlin.ino" />
  </ItemGroup>
  <ItemGroup>
    <ClInclude Include="Visual Micro\.Marlin.vsarduino.h">
      <Filter>头文件</Filter>
    </ClInclude>
    <ClInclude Include="BlinkM.h">
      <Filter>头文件</Filter>
    </ClInclude>
    <ClInclude Include="Configuration.h">
      <Filter>头文件</Filter>
    </ClInclude>
    <ClInclude Include="ConfigurationStore.h">
      <Filter>头文件</Filter>
    </ClInclude>
    <ClInclude Include="Configuration_adv.h">
      <Filter>头文件</Filter>
    </ClInclude>
    <ClInclude Include="DOGMbitmaps.h">
      <Filter>头文件</Filter>
    </ClInclude>
    <ClInclude Include="LiquidCrystalRus.h">
      <Filter>头文件</Filter>
    </ClInclude>
    <ClInclude Include="Marlin.h">
      <Filter>头文件</Filter>
    </ClInclude>
    <ClInclude Include="MarlinSerial.h">
      <Filter>头文件</Filter>
    </ClInclude>
    <ClInclude Include="Sd2Card.h">
      <Filter>头文件</Filter>
    </ClInclude>
    <ClInclude Include="Sd2PinMap.h">
      <Filter>头文件</Filter>
    </ClInclude>
    <ClInclude Include="SdBaseFile.h">
      <Filter>头文件</Filter>
    </ClInclude>
    <ClInclude Include="SdFatConfig.h">
      <Filter>头文件</Filter>
    </ClInclude>
    <ClInclude Include="SdFatStructs.h">
      <Filter>头文件</Filter>
    </ClInclude>
    <ClInclude Include="SdFatUtil.h">
      <Filter>头文件</Filter>
    </ClInclude>
    <ClInclude Include="SdFile.h">
      <Filter>头文件</Filter>
    </ClInclude>
    <ClInclude Include="SdInfo.h">
      <Filter>头文件</Filter>
    </ClInclude>
    <ClInclude Include="SdVolume.h">
      <Filter>头文件</Filter>
    </ClInclude>
    <ClInclude Include="Servo.h">
      <Filter>头文件</Filter>
    </ClInclude>
    <ClInclude Include="cardreader.h">
      <Filter>头文件</Filter>
    </ClInclude>
    <ClInclude Include="dogm_font_data_marlin.h">
      <Filter>头文件</Filter>
    </ClInclude>
    <ClInclude Include="dogm_lcd_implementation.h">
      <Filter>头文件</Filter>
    </ClInclude>
    <ClInclude Include="fastio.h">
      <Filter>头文件</Filter>
    </ClInclude>
    <ClInclude Include="language.h">
      <Filter>头文件</Filter>
    </ClInclude>
    <ClInclude Include="motion_control.h">
      <Filter>头文件</Filter>
    </ClInclude>
    <ClInclude Include="pins.h">
      <Filter>头文件</Filter>
    </ClInclude>
    <ClInclude Include="planner.h">
      <Filter>头文件</Filter>
    </ClInclude>
    <ClInclude Include="qr_solve.h">
      <Filter>头文件</Filter>
    </ClInclude>
    <ClInclude Include="speed_lookuptable.h">
      <Filter>头文件</Filter>
    </ClInclude>
    <ClInclude Include="stepper.h">
      <Filter>头文件</Filter>
    </ClInclude>
    <ClInclude Include="temperature.h">
      <Filter>头文件</Filter>
    </ClInclude>
    <ClInclude Include="thermistortables.h">
      <Filter>头文件</Filter>
    </ClInclude>
    <ClInclude Include="ultralcd.h">
      <Filter>头文件</Filter>
    </ClInclude>
    <ClInclude Include="ultralcd_implementation_hitachi_HD44780.h">
      <Filter>头文件</Filter>
    </ClInclude>
    <ClInclude Include="ultralcd_st7920_u8glib_rrd.h">
      <Filter>头文件</Filter>
    </ClInclude>
    <ClInclude Include="vector_3.h">
      <Filter>头文件</Filter>
    </ClInclude>
    <ClInclude Include="watchdog.h">
      <Filter>头文件</Filter>
    </ClInclude>
    <ClInclude Include="MarlinBTSerial.h">
      <Filter>头文件</Filter>
    </ClInclude>
  </ItemGroup>
  <ItemGroup>
    <ClCompile Include="BlinkM.cpp">
      <Filter>源文件</Filter>
    </ClCompile>
    <ClCompile Include="ConfigurationStore.cpp">
      <Filter>源文件</Filter>
    </ClCompile>
    <ClCompile Include="LiquidCrystalRus.cpp">
      <Filter>源文件</Filter>
    </ClCompile>
    <ClCompile Include="MarlinSerial.cpp">
      <Filter>源文件</Filter>
    </ClCompile>
    <ClCompile Include="Marlin_main.cpp">
      <Filter>源文件</Filter>
    </ClCompile>
    <ClCompile Include="Sd2Card.cpp">
      <Filter>源文件</Filter>
    </ClCompile>
    <ClCompile Include="SdBaseFile.cpp">
      <Filter>源文件</Filter>
    </ClCompile>
    <ClCompile Include="SdFatUtil.cpp">
      <Filter>源文件</Filter>
    </ClCompile>
    <ClCompile Include="SdFile.cpp">
      <Filter>源文件</Filter>
    </ClCompile>
    <ClCompile Include="SdVolume.cpp">
      <Filter>源文件</Filter>
    </ClCompile>
    <ClCompile Include="Servo.cpp">
      <Filter>源文件</Filter>
    </ClCompile>
    <ClCompile Include="cardreader.cpp">
      <Filter>源文件</Filter>
    </ClCompile>
    <ClCompile Include="digipot_mcp4451.cpp">
      <Filter>源文件</Filter>
    </ClCompile>
    <ClCompile Include="motion_control.cpp">
      <Filter>源文件</Filter>
    </ClCompile>
    <ClCompile Include="planner.cpp">
      <Filter>源文件</Filter>
    </ClCompile>
    <ClCompile Include="qr_solve.cpp">
      <Filter>源文件</Filter>
    </ClCompile>
    <ClCompile Include="stepper.cpp">
      <Filter>源文件</Filter>
    </ClCompile>
    <ClCompile Include="temperature.cpp">
      <Filter>源文件</Filter>
    </ClCompile>
    <ClCompile Include="ultralcd.cpp">
      <Filter>源文件</Filter>
    </ClCompile>
    <ClCompile Include="vector_3.cpp">
      <Filter>源文件</Filter>
    </ClCompile>
    <ClCompile Include="watchdog.cpp">
      <Filter>源文件</Filter>
    </ClCompile>
    <ClCompile Include="MarlinBTSerial.cpp">
      <Filter>源文件</Filter>
    </ClCompile>
  </ItemGroup>
</Project>